
Microsoft Visual Studio Solution File, Format Version 12.00
# Visual Studio Version 16
VisualStudioVersion = 16.0.29324.140
MinimumVisualStudioVersion = 10.0.40219.1
Project("{8BC9CEB8-8B4A-11D0-8D11-00A0C91BC942}") = "КР 1 курс 2 семестр", "КР 1 курс 2 семестр.vcxproj", "{B63D66D9-F100-4256-9BC1-346724948D2A}"
EndProject
Global
	GlobalSection(SolutionConfigurationPlatforms) = preSolution
		Debug|x64 = Debug|x64
		Debug|x86 = Debug|x86
		Release|x64 = Release|x64
		Release|x86 = Release|x86
	EndGlobalSection
	GlobalSection(ProjectConfigurationPlatforms) = postSolution
		{B63D66D9-F100-4256-9BC1-346724948D2A}.Debug|x64.ActiveCfg = Debug|x64
		{B63D66D9-F100-4256-9BC1-346724948D2A}.Debug|x64.Build.0 = Debug|x64
		{B63D66D9-F100-4256-9BC1-346724948D2A}.Debug|x86.ActiveCfg = Debug|Win32
		{B63D66D9-F100-4256-9BC1-346724948D2A}.Debug|x86.Build.0 = Debug|Win32
		{B63D66D9-F100-4256-9BC1-346724948D2A}.Release|x64.ActiveCfg = Release|x64
		{B63D66D9-F100-4256-9BC1-346724948D2A}.Release|x64.Build.0 = Release|x64
		{B63D66D9-F100-4256-9BC1-346724948D2A}.Release|x86.ActiveCfg = Release|Win32
		{B63D66D9-F100-4256-9BC1-346724948D2A}.Release|x86.Build.0 = Release|Win32
	EndGlobalSection
	GlobalSection(SolutionProperties) = preSolution
		HideSolutionNode = FALSE
	EndGlobalSection
	GlobalSection(ExtensibilityGlobals) = postSolution
		SolutionGuid = {25DB3BFD-3503-4087-A774-82A8FF860AFD}
	EndGlobalSection
EndGlobal
